
Microsoft Visual Studio Solution File, Format Version 12.00
# Visual Studio 2012
Project("{FAE04EC0-301F-11D3-BF4B-00C04F79EFBC}") = "cool", "cool\cool.csproj", "{2AE0366D-B25E-4998-8F27-1B5E2602C805}"
EndProject
Project("{FAE04EC0-301F-11D3-BF4B-00C04F79EFBC}") = "test_while", "test_while\test_while.csproj", "{7C595DB4-7314-4D9D-9223-8596FB4787B4}"
EndProject
Project("{FAE04EC0-301F-11D3-BF4B-00C04F79EFBC}") = "test_while2", "test_while2\test_while2.csproj", "{711D1253-C795-4B60-ADF0-F67FAEDD6A74}"
EndProject
Project("{FAE04EC0-301F-11D3-BF4B-00C04F79EFBC}") = "blastoff", "blastoff\blastoff.csproj", "{9C69B064-3225-4E63-9950-0E6CC77445D3}"
EndProject
Project("{FAE04EC0-301F-11D3-BF4B-00C04F79EFBC}") = "sumton", "sumton\sumton.csproj", "{A6EB87D2-15E8-472D-A35F-14C9B5080447}"
EndProject
Project("{FAE04EC0-301F-11D3-BF4B-00C04F79EFBC}") = "ui", "ui\ui.csproj", "{139F83E3-ABB3-4A70-B0DC-5680EFE124FF}"
EndProject
Project("{FAE04EC0-301F-11D3-BF4B-00C04F79EFBC}") = "sum_to_n_test_long", "sum_to_n_test_long\sum_to_n_test_long.csproj", "{81B4DB79-47D9-48CF-AC19-9845400122F1}"
EndProject
Project("{FAE04EC0-301F-11D3-BF4B-00C04F79EFBC}") = "sum_to_n_long_quick", "sum_to_n_long_quick\sum_to_n_long_quick.csproj", "{230B2DBF-F695-498F-A336-D38E3A0C2B12}"
EndProject
Global
	GlobalSection(SolutionConfigurationPlatforms) = preSolution
		Debug|x86 = Debug|x86
		Release|x86 = Release|x86
	EndGlobalSection
	GlobalSection(ProjectConfigurationPlatforms) = postSolution
		{2AE0366D-B25E-4998-8F27-1B5E2602C805}.Debug|x86.ActiveCfg = Debug|x86
		{2AE0366D-B25E-4998-8F27-1B5E2602C805}.Debug|x86.Build.0 = Debug|x86
		{2AE0366D-B25E-4998-8F27-1B5E2602C805}.Release|x86.ActiveCfg = Release|x86
		{2AE0366D-B25E-4998-8F27-1B5E2602C805}.Release|x86.Build.0 = Release|x86
		{7C595DB4-7314-4D9D-9223-8596FB4787B4}.Debug|x86.ActiveCfg = Debug|x86
		{7C595DB4-7314-4D9D-9223-8596FB4787B4}.Debug|x86.Build.0 = Debug|x86
		{7C595DB4-7314-4D9D-9223-8596FB4787B4}.Release|x86.ActiveCfg = Release|x86
		{7C595DB4-7314-4D9D-9223-8596FB4787B4}.Release|x86.Build.0 = Release|x86
		{711D1253-C795-4B60-ADF0-F67FAEDD6A74}.Debug|x86.ActiveCfg = Debug|x86
		{711D1253-C795-4B60-ADF0-F67FAEDD6A74}.Debug|x86.Build.0 = Debug|x86
		{711D1253-C795-4B60-ADF0-F67FAEDD6A74}.Release|x86.ActiveCfg = Release|x86
		{711D1253-C795-4B60-ADF0-F67FAEDD6A74}.Release|x86.Build.0 = Release|x86
		{9C69B064-3225-4E63-9950-0E6CC77445D3}.Debug|x86.ActiveCfg = Debug|x86
		{9C69B064-3225-4E63-9950-0E6CC77445D3}.Debug|x86.Build.0 = Debug|x86
		{9C69B064-3225-4E63-9950-0E6CC77445D3}.Release|x86.ActiveCfg = Release|x86
		{9C69B064-3225-4E63-9950-0E6CC77445D3}.Release|x86.Build.0 = Release|x86
		{A6EB87D2-15E8-472D-A35F-14C9B5080447}.Debug|x86.ActiveCfg = Debug|x86
		{A6EB87D2-15E8-472D-A35F-14C9B5080447}.Debug|x86.Build.0 = Debug|x86
		{A6EB87D2-15E8-472D-A35F-14C9B5080447}.Release|x86.ActiveCfg = Release|x86
		{A6EB87D2-15E8-472D-A35F-14C9B5080447}.Release|x86.Build.0 = Release|x86
		{139F83E3-ABB3-4A70-B0DC-5680EFE124FF}.Debug|x86.ActiveCfg = Debug|x86
		{139F83E3-ABB3-4A70-B0DC-5680EFE124FF}.Debug|x86.Build.0 = Debug|x86
		{139F83E3-ABB3-4A70-B0DC-5680EFE124FF}.Release|x86.ActiveCfg = Release|x86
		{139F83E3-ABB3-4A70-B0DC-5680EFE124FF}.Release|x86.Build.0 = Release|x86
		{81B4DB79-47D9-48CF-AC19-9845400122F1}.Debug|x86.ActiveCfg = Debug|x86
		{81B4DB79-47D9-48CF-AC19-9845400122F1}.Debug|x86.Build.0 = Debug|x86
		{81B4DB79-47D9-48CF-AC19-9845400122F1}.Release|x86.ActiveCfg = Release|x86
		{81B4DB79-47D9-48CF-AC19-9845400122F1}.Release|x86.Build.0 = Release|x86
		{230B2DBF-F695-498F-A336-D38E3A0C2B12}.Debug|x86.ActiveCfg = Debug|x86
		{230B2DBF-F695-498F-A336-D38E3A0C2B12}.Debug|x86.Build.0 = Debug|x86
		{230B2DBF-F695-498F-A336-D38E3A0C2B12}.Release|x86.ActiveCfg = Release|x86
		{230B2DBF-F695-498F-A336-D38E3A0C2B12}.Release|x86.Build.0 = Release|x86
	EndGlobalSection
EndGlobal
